schema: '2.0'
stages:
  data_ingestion:
    cmd: python src/data/data_ingestion.py
    deps:
    - path: src/data/data_ingestion.py
      hash: md5
      md5: 84d56ab2d83e5c0c65b7c4aca43e5953
      size: 3437
    params:
      params.yaml:
        data_ingestion.test_size: 0.25
    outs:
    - path: data/raw
      hash: md5
      md5: 5561e1dfb85f1c9fa991a54ecda21f95.dir
      size: 659966
      nfiles: 2
  data_preprocessing:
    cmd: python src/data/data_preprocessing.py
    deps:
    - path: data/raw
      hash: md5
      md5: 5561e1dfb85f1c9fa991a54ecda21f95.dir
      size: 659966
      nfiles: 2
    - path: src/data/data_preprocessing.py
      hash: md5
      md5: a0d0986f1695b3e851d0f37dad4451b8
      size: 2909
    outs:
    - path: data/interim
      hash: md5
      md5: 3bafc981c98511b40cc39427679c04e5.dir
      size: 409853
      nfiles: 2
  feature_engineering:
    cmd: python src/features/feature_eng.py
    deps:
    - path: data/interim
      hash: md5
      md5: 3bafc981c98511b40cc39427679c04e5.dir
      size: 409853
      nfiles: 2
    - path: src/features/feature_eng.py
      hash: md5
      md5: cfaf71fa8bd1fae8af5abc3cbbe3387b
      size: 3447
    params:
      params.yaml:
        feature_engineering.max_features: 100
    outs:
    - path: data/processed
      hash: md5
      md5: daa33de94994753e7011d13c0586b125.dir
      size: 102196
      nfiles: 2
    - path: models/vectorizer.pkl
      hash: md5
      md5: 9353cafba439e932b2ee915991a0e878
      size: 2815
  model_building:
    cmd: python src/model/model_building.py
    deps:
    - path: data/processed
      hash: md5
      md5: daa33de94994753e7011d13c0586b125.dir
      size: 102196
      nfiles: 2
    - path: src/model/model_building.py
      hash: md5
      md5: 5262c77711462ba3ee484a3828aa413f
      size: 1859
    outs:
    - path: models/model.pkl
      hash: md5
      md5: f3e5ba61c37f018d0fcab0544a87a264
      size: 1514
  model_evaluation:
    cmd: python src/model/model_eval.py
    deps:
    - path: models/model.pkl
      hash: md5
      md5: f3e5ba61c37f018d0fcab0544a87a264
      size: 1514
    - path: src/model/model_eval.py
      hash: md5
      md5: b71a1aeadfd743b2c0d85bb5aa9d1263
      size: 5128
    outs:
    - path: reports/experiment_info.json
      hash: md5
      md5: 7df124afd85b5a7f827bb2f6f93007cb
      size: 82
    - path: reports/metrics.json
      hash: md5
      md5: 4b9b8533d537ea99387f75cc58a97df4
      size: 132
  model_registration:
    cmd: python src/model/register_model.py
    deps:
    - path: reports/experiment_info.json
      hash: md5
      md5: 7df124afd85b5a7f827bb2f6f93007cb
      size: 82
    - path: src/model/register_model.py
      hash: md5
      md5: bab5836169985d6946459a9b5232c5a9
      size: 2657
